
Microsoft Visual Studio Solution File, Format Version 12.00
# Visual Studio Version 16
VisualStudioVersion = 16.0.30309.148
MinimumVisualStudioVersion = 10.0.40219.1
Project("{9A19103F-16F7-4668-BE54-9A1E7A4F7556}") = "401_VSOFT.EBS.IDP", "401_VSOFT.EBS.IDP\401_VSOFT.EBS.IDP.csproj", "{FDFAE95C-22AA-4532-B051-89CA12EEEF95}"
EndProject
Project("{2150E333-8FDC-42A3-9474-1A3956D46DE8}") = "0_BusinessObjects", "0_BusinessObjects", "{0921B3AA-E183-4871-9F8A-9518E3C9697A}"
EndProject
Project("{2150E333-8FDC-42A3-9474-1A3956D46DE8}") = "1_Utilities", "1_Utilities", "{16517054-4986-4851-BDEA-D88BDB2ED657}"
EndProject
Project("{2150E333-8FDC-42A3-9474-1A3956D46DE8}") = "2_Apps", "2_Apps", "{D9EC7A26-B551-4CB9-907B-08639E3C756F}"
EndProject
Project("{2150E333-8FDC-42A3-9474-1A3956D46DE8}") = "3_Websites", "3_Websites", "{B8B3DE2E-F78A-415A-A707-03949C1D1B9E}"
EndProject
Project("{2150E333-8FDC-42A3-9474-1A3956D46DE8}") = "4_Services", "4_Services", "{9029A47F-DAF8-4E5F-A3BC-B192CDB1F4FA}"
EndProject
Project("{2150E333-8FDC-42A3-9474-1A3956D46DE8}") = "5_Tests", "5_Tests", "{77FA14C5-0D2D-4DEF-8F0C-685314670A9F}"
EndProject
Project("{FAE04EC0-301F-11D3-BF4B-00C04F79EFBC}") = "001_VSOFT.EBS.Repo", "001_VSOFT.EBS.Repo\001_VSOFT.EBS.Repo.csproj", "{14E5A9D7-BAD6-4227-A4EC-47D8FC9332F9}"
EndProject
Project("{FAE04EC0-301F-11D3-BF4B-00C04F79EFBC}") = "002_VSOFT.EBS.BO", "002_VSOFT.EBS.BO\002_VSOFT.EBS.BO.csproj", "{164E5BA7-5D58-4BD7-9082-9EBC98EE198C}"
EndProject
Project("{2150E333-8FDC-42A3-9474-1A3956D46DE8}") = "Solution Items", "Solution Items", "{3CCC008E-EA03-4F49-A85C-F2E4D64BC043}"
	ProjectSection(SolutionItems) = preProject
		.editorconfig = .editorconfig
	EndProjectSection
EndProject
Global
	GlobalSection(SolutionConfigurationPlatforms) = preSolution
		Debug|Any CPU = Debug|Any CPU
		Release|Any CPU = Release|Any CPU
	EndGlobalSection
	GlobalSection(ProjectConfigurationPlatforms) = postSolution
		{FDFAE95C-22AA-4532-B051-89CA12EEEF95}.Debug|Any CPU.ActiveCfg = Debug|Any CPU
		{FDFAE95C-22AA-4532-B051-89CA12EEEF95}.Debug|Any CPU.Build.0 = Debug|Any CPU
		{FDFAE95C-22AA-4532-B051-89CA12EEEF95}.Release|Any CPU.ActiveCfg = Release|Any CPU
		{FDFAE95C-22AA-4532-B051-89CA12EEEF95}.Release|Any CPU.Build.0 = Release|Any CPU
		{14E5A9D7-BAD6-4227-A4EC-47D8FC9332F9}.Debug|Any CPU.ActiveCfg = Debug|Any CPU
		{14E5A9D7-BAD6-4227-A4EC-47D8FC9332F9}.Debug|Any CPU.Build.0 = Debug|Any CPU
		{14E5A9D7-BAD6-4227-A4EC-47D8FC9332F9}.Release|Any CPU.ActiveCfg = Release|Any CPU
		{14E5A9D7-BAD6-4227-A4EC-47D8FC9332F9}.Release|Any CPU.Build.0 = Release|Any CPU
		{164E5BA7-5D58-4BD7-9082-9EBC98EE198C}.Debug|Any CPU.ActiveCfg = Debug|Any CPU
		{164E5BA7-5D58-4BD7-9082-9EBC98EE198C}.Debug|Any CPU.Build.0 = Debug|Any CPU
		{164E5BA7-5D58-4BD7-9082-9EBC98EE198C}.Release|Any CPU.ActiveCfg = Release|Any CPU
		{164E5BA7-5D58-4BD7-9082-9EBC98EE198C}.Release|Any CPU.Build.0 = Release|Any CPU
	EndGlobalSection
	GlobalSection(SolutionProperties) = preSolution
		HideSolutionNode = FALSE
	EndGlobalSection
	GlobalSection(NestedProjects) = preSolution
		{FDFAE95C-22AA-4532-B051-89CA12EEEF95} = {9029A47F-DAF8-4E5F-A3BC-B192CDB1F4FA}
		{14E5A9D7-BAD6-4227-A4EC-47D8FC9332F9} = {0921B3AA-E183-4871-9F8A-9518E3C9697A}
		{164E5BA7-5D58-4BD7-9082-9EBC98EE198C} = {0921B3AA-E183-4871-9F8A-9518E3C9697A}
	EndGlobalSection
	GlobalSection(ExtensibilityGlobals) = postSolution
		SolutionGuid = {DF66C29B-E99B-4ACF-9538-126EFAED2E68}
	EndGlobalSection
EndGlobal
